{
  "nodes": {
    "fix-python": {
      "inputs": {
        "flake-utils": "flake-utils",
        "nixpkgs": "nixpkgs"
      },
      "locked": {
        "lastModified": 1693323693,
        "narHash": "sha256-yw3lZGynZWS6E30NRn/Scytg7OhMFzqC7X0Gv7LS3dY=",
        "owner": "GuillaumeDesforges",
        "repo": "fix-python",
        "rev": "c9c8e8a439e0c985d0c5cea757d806837cf322f1",
        "type": "github"
      },
      "original": {
        "owner": "GuillaumeDesforges",
        "repo": "fix-python",
        "type": "github"
      }
    },
    "flake-utils": {
      "inputs": {
        "systems": "systems"
      },
      "locked": {
        "lastModified": 1689068808,
        "narHash": "sha256-6ixXo3wt24N/melDWjq70UuHQLxGV8jZvooRanIHXw0=",
        "owner": "numtide",
        "repo": "flake-utils",
        "rev": "919d646de7be200f3bf08cb76ae1f09402b6f9b4",
        "type": "github"
      },
      "original": {
        "id": "flake-utils",
        "type": "indirect"
      }
    },
    "home-manager": {
      "inputs": {
        "nixpkgs": [
          "nixpkgs"
        ]
      },
      "locked": {
        "lastModified": 1698479159,
        "narHash": "sha256-rJHBDwW4LbADEfhkgGHjKGfL2dF44NrlyXdXeZrQahs=",
        "owner": "nix-community",
        "repo": "home-manager",
        "rev": "f92a54fef4eacdbe86b0a2054054dd58b0e2a2a4",
        "type": "github"
      },
      "original": {
        "owner": "nix-community",
        "repo": "home-manager",
        "type": "github"
      }
    },
    "nixpkgs": {
      "locked": {
        "lastModified": 1682786779,
        "narHash": "sha256-m7QFzPS/CE8hbkbIVK4UStihAQMtczr0vSpOgETOM1g=",
        "owner": "nixos",
        "repo": "nixpkgs",
        "rev": "08e4dc3a907a6dfec8bb3bbf1540d8abbffea22b",
        "type": "github"
      },
      "original": {
        "id": "nixpkgs",
        "type": "indirect"
      }
    },
    "nixpkgs-stable": {
      "locked": {
        "lastModified": 1698288402,
        "narHash": "sha256-jIIjApPdm+4yt8PglX8pUOexAdEiAax/DXW3S/Mb21E=",
        "owner": "nixos",
        "repo": "nixpkgs",
        "rev": "60b9db998f71ea49e1a9c41824d09aa274be1344",
        "type": "github"
      },
      "original": {
        "owner": "nixos",
        "ref": "nixos-23.05",
        "repo": "nixpkgs",
        "type": "github"
      }
    },
    "nixpkgs_2": {
      "locked": {
        "lastModified": 1698318101,
        "narHash": "sha256-gUihHt3yPD7bVqg+k/UVHgngyaJ3DMEBchbymBMvK1E=",
        "owner": "nixos",
        "repo": "nixpkgs",
        "rev": "63678e9f3d3afecfeafa0acead6239cdb447574c",
        "type": "github"
      },
      "original": {
        "owner": "nixos",
        "ref": "nixos-unstable",
        "repo": "nixpkgs",
        "type": "github"
      }
    },
    "nur": {
      "locked": {
        "lastModified": 1698507913,
        "narHash": "sha256-w3TpbKNZiEZK3kjoLCmNe6J0LCuSbURTQNGVUPwXEWw=",
        "owner": "nix-community",
        "repo": "NUR",
        "rev": "ada3b1d588cb065838577b83d87b8dc2cd369bb6",
        "type": "github"
      },
      "original": {
        "owner": "nix-community",
        "repo": "NUR",
        "type": "github"
      }
    },
    "root": {
      "inputs": {
        "fix-python": "fix-python",
        "home-manager": "home-manager",
        "nixpkgs": "nixpkgs_2",
        "nixpkgs-stable": "nixpkgs-stable",
        "nur": "nur"
      }
    },
    "systems": {
      "locked": {
        "lastModified": 1681028828,
        "narHash": "sha256-Vy1rq5AaRuLzOxct8nz4T6wlgyUR7zLU309k9mBC768=",
        "owner": "nix-systems",
        "repo": "default",
        "rev": "da67096a3b9bf56a91d16901293e51ba5b49a27e",
        "type": "github"
      },
      "original": {
        "owner": "nix-systems",
        "repo": "default",
        "type": "github"
      }
    }
  },
  "root": "root",
  "version": 7
}
