{
  "nodes": {
    "home-manager": {
      "inputs": {
        "nixpkgs": [
          "nixpkgs"
        ]
      },
      "locked": {
        "lastModified": 1698479159,
        "narHash": "sha256-rJHBDwW4LbADEfhkgGHjKGfL2dF44NrlyXdXeZrQahs=",
        "owner": "nix-community",
        "repo": "home-manager",
        "rev": "f92a54fef4eacdbe86b0a2054054dd58b0e2a2a4",
        "type": "github"
      },
      "original": {
        "owner": "nix-community",
        "repo": "home-manager",
        "type": "github"
      }
    },
    "nixpkgs": {
      "locked": {
        "lastModified": 1698318101,
        "narHash": "sha256-gUihHt3yPD7bVqg+k/UVHgngyaJ3DMEBchbymBMvK1E=",
        "owner": "nixos",
        "repo": "nixpkgs",
        "rev": "63678e9f3d3afecfeafa0acead6239cdb447574c",
        "type": "github"
      },
      "original": {
        "owner": "nixos",
        "ref": "nixos-unstable",
        "repo": "nixpkgs",
        "type": "github"
      }
    },
    "nixpkgs-stable": {
      "locked": {
        "lastModified": 1698288402,
        "narHash": "sha256-jIIjApPdm+4yt8PglX8pUOexAdEiAax/DXW3S/Mb21E=",
        "owner": "nixos",
        "repo": "nixpkgs",
        "rev": "60b9db998f71ea49e1a9c41824d09aa274be1344",
        "type": "github"
      },
      "original": {
        "owner": "nixos",
        "ref": "nixos-23.05",
        "repo": "nixpkgs",
        "type": "github"
      }
    },
    "nur": {
      "locked": {
        "lastModified": 1698507913,
        "narHash": "sha256-w3TpbKNZiEZK3kjoLCmNe6J0LCuSbURTQNGVUPwXEWw=",
        "owner": "nix-community",
        "repo": "NUR",
        "rev": "ada3b1d588cb065838577b83d87b8dc2cd369bb6",
        "type": "github"
      },
      "original": {
        "owner": "nix-community",
        "repo": "NUR",
        "type": "github"
      }
    },
    "root": {
      "inputs": {
        "home-manager": "home-manager",
        "nixpkgs": "nixpkgs",
        "nixpkgs-stable": "nixpkgs-stable",
        "nur": "nur"
      }
    }
  },
  "root": "root",
  "version": 7
}
